
Microsoft Visual Studio Solution File, Format Version 12.00
# Visual Studio Version 16
VisualStudioVersion = 16.0.31205.134
MinimumVisualStudioVersion = 10.0.40219.1
Project("{2150E333-8FDC-42A3-9474-1A3956D46DE8}") = "Services", "Services", "{D762BDD4-2DCF-47F4-9277-C858D7A09224}"
EndProject
Project("{2150E333-8FDC-42A3-9474-1A3956D46DE8}") = "Catalog", "Catalog", "{89E99439-B729-4E9A-87C5-4BC0E92D381E}"
EndProject
Project("{9A19103F-16F7-4668-BE54-9A1E7A4F7556}") = "Catalog.API", "Services\Catalog\Catalog.API\Catalog.API.csproj", "{6214F18D-2B69-4C57-97D0-21FC6D0CD165}"
EndProject
Project("{E53339B2-1760-4266-BCC7-CA923CBCF16C}") = "docker-compose", "docker-compose.dcproj", "{B12B8F69-7DF5-4A83-8A88-D47D6924AE00}"
EndProject
Project("{2150E333-8FDC-42A3-9474-1A3956D46DE8}") = "Basket", "Basket", "{6D1FD833-6DBE-456F-BE8A-C6A784AD3A45}"
EndProject
Project("{9A19103F-16F7-4668-BE54-9A1E7A4F7556}") = "Basket.API", "Services\Basket\Basket.API\Basket.API.csproj", "{5E433C7D-A68F-43C6-8E4A-F3A8FEAAE619}"
EndProject
Project("{2150E333-8FDC-42A3-9474-1A3956D46DE8}") = "Discount", "Discount", "{3984FA01-1D10-40A2-9922-464AB598CEE7}"
EndProject
Project("{9A19103F-16F7-4668-BE54-9A1E7A4F7556}") = "Discount.API", "Services\Discount\Discount.API\Discount.API.csproj", "{48B8BC04-7A5D-41C4-A845-B970F8F71125}"
EndProject
Project("{FAE04EC0-301F-11D3-BF4B-00C04F79EFBC}") = "Discount.Grpc", "Services\Discount\Discount.Grpc\Discount.Grpc.csproj", "{3E626471-750F-4132-9E4A-461A209EC777}"
EndProject
Project("{2150E333-8FDC-42A3-9474-1A3956D46DE8}") = "Ordering", "Ordering", "{68C71C61-8F08-40B2-AAB3-88201B4F9C01}"
EndProject
Project("{FAE04EC0-301F-11D3-BF4B-00C04F79EFBC}") = "Ordering.API", "Services\Ordering\Ordering.API\Ordering.API.csproj", "{CD859881-899B-46AC-B72C-1C76E769B8B7}"
EndProject
Project("{FAE04EC0-301F-11D3-BF4B-00C04F79EFBC}") = "Ordering.Domain", "Services\Ordering\Ordering.Domain\Ordering.Domain.csproj", "{F70359BF-A0C2-4CF2-8D74-46AD5CAAA6D9}"
EndProject
Project("{FAE04EC0-301F-11D3-BF4B-00C04F79EFBC}") = "Ordering.Application", "Services\Ordering\Ordering.Application\Ordering.Application.csproj", "{4D0DFDF7-200D-40CA-973E-F57A3B15A7E0}"
EndProject
Project("{FAE04EC0-301F-11D3-BF4B-00C04F79EFBC}") = "Ordering.Infrastructure", "Services\Ordering\Ordering.Infrastructure\Ordering.Infrastructure.csproj", "{2779B3EA-56CD-41CE-95BA-9BB2E6ADAA7F}"
EndProject
Global
	GlobalSection(SolutionConfigurationPlatforms) = preSolution
		Debug|Any CPU = Debug|Any CPU
		Release|Any CPU = Release|Any CPU
	EndGlobalSection
	GlobalSection(ProjectConfigurationPlatforms) = postSolution
		{6214F18D-2B69-4C57-97D0-21FC6D0CD165}.Debug|Any CPU.ActiveCfg = Debug|Any CPU
		{6214F18D-2B69-4C57-97D0-21FC6D0CD165}.Debug|Any CPU.Build.0 = Debug|Any CPU
		{6214F18D-2B69-4C57-97D0-21FC6D0CD165}.Release|Any CPU.ActiveCfg = Release|Any CPU
		{6214F18D-2B69-4C57-97D0-21FC6D0CD165}.Release|Any CPU.Build.0 = Release|Any CPU
		{B12B8F69-7DF5-4A83-8A88-D47D6924AE00}.Debug|Any CPU.ActiveCfg = Debug|Any CPU
		{B12B8F69-7DF5-4A83-8A88-D47D6924AE00}.Debug|Any CPU.Build.0 = Debug|Any CPU
		{B12B8F69-7DF5-4A83-8A88-D47D6924AE00}.Release|Any CPU.ActiveCfg = Release|Any CPU
		{B12B8F69-7DF5-4A83-8A88-D47D6924AE00}.Release|Any CPU.Build.0 = Release|Any CPU
		{5E433C7D-A68F-43C6-8E4A-F3A8FEAAE619}.Debug|Any CPU.ActiveCfg = Debug|Any CPU
		{5E433C7D-A68F-43C6-8E4A-F3A8FEAAE619}.Debug|Any CPU.Build.0 = Debug|Any CPU
		{5E433C7D-A68F-43C6-8E4A-F3A8FEAAE619}.Release|Any CPU.ActiveCfg = Release|Any CPU
		{5E433C7D-A68F-43C6-8E4A-F3A8FEAAE619}.Release|Any CPU.Build.0 = Release|Any CPU
		{48B8BC04-7A5D-41C4-A845-B970F8F71125}.Debug|Any CPU.ActiveCfg = Debug|Any CPU
		{48B8BC04-7A5D-41C4-A845-B970F8F71125}.Debug|Any CPU.Build.0 = Debug|Any CPU
		{48B8BC04-7A5D-41C4-A845-B970F8F71125}.Release|Any CPU.ActiveCfg = Release|Any CPU
		{48B8BC04-7A5D-41C4-A845-B970F8F71125}.Release|Any CPU.Build.0 = Release|Any CPU
		{3E626471-750F-4132-9E4A-461A209EC777}.Debug|Any CPU.ActiveCfg = Debug|Any CPU
		{3E626471-750F-4132-9E4A-461A209EC777}.Debug|Any CPU.Build.0 = Debug|Any CPU
		{3E626471-750F-4132-9E4A-461A209EC777}.Release|Any CPU.ActiveCfg = Release|Any CPU
		{3E626471-750F-4132-9E4A-461A209EC777}.Release|Any CPU.Build.0 = Release|Any CPU
		{CD859881-899B-46AC-B72C-1C76E769B8B7}.Debug|Any CPU.ActiveCfg = Debug|Any CPU
		{CD859881-899B-46AC-B72C-1C76E769B8B7}.Debug|Any CPU.Build.0 = Debug|Any CPU
		{CD859881-899B-46AC-B72C-1C76E769B8B7}.Release|Any CPU.ActiveCfg = Release|Any CPU
		{CD859881-899B-46AC-B72C-1C76E769B8B7}.Release|Any CPU.Build.0 = Release|Any CPU
		{F70359BF-A0C2-4CF2-8D74-46AD5CAAA6D9}.Debug|Any CPU.ActiveCfg = Debug|Any CPU
		{F70359BF-A0C2-4CF2-8D74-46AD5CAAA6D9}.Debug|Any CPU.Build.0 = Debug|Any CPU
		{F70359BF-A0C2-4CF2-8D74-46AD5CAAA6D9}.Release|Any CPU.ActiveCfg = Release|Any CPU
		{F70359BF-A0C2-4CF2-8D74-46AD5CAAA6D9}.Release|Any CPU.Build.0 = Release|Any CPU
		{4D0DFDF7-200D-40CA-973E-F57A3B15A7E0}.Debug|Any CPU.ActiveCfg = Debug|Any CPU
		{4D0DFDF7-200D-40CA-973E-F57A3B15A7E0}.Debug|Any CPU.Build.0 = Debug|Any CPU
		{4D0DFDF7-200D-40CA-973E-F57A3B15A7E0}.Release|Any CPU.ActiveCfg = Release|Any CPU
		{4D0DFDF7-200D-40CA-973E-F57A3B15A7E0}.Release|Any CPU.Build.0 = Release|Any CPU
		{2779B3EA-56CD-41CE-95BA-9BB2E6ADAA7F}.Debug|Any CPU.ActiveCfg = Debug|Any CPU
		{2779B3EA-56CD-41CE-95BA-9BB2E6ADAA7F}.Debug|Any CPU.Build.0 = Debug|Any CPU
		{2779B3EA-56CD-41CE-95BA-9BB2E6ADAA7F}.Release|Any CPU.ActiveCfg = Release|Any CPU
		{2779B3EA-56CD-41CE-95BA-9BB2E6ADAA7F}.Release|Any CPU.Build.0 = Release|Any CPU
	EndGlobalSection
	GlobalSection(SolutionProperties) = preSolution
		HideSolutionNode = FALSE
	EndGlobalSection
	GlobalSection(NestedProjects) = preSolution
		{89E99439-B729-4E9A-87C5-4BC0E92D381E} = {D762BDD4-2DCF-47F4-9277-C858D7A09224}
		{6214F18D-2B69-4C57-97D0-21FC6D0CD165} = {89E99439-B729-4E9A-87C5-4BC0E92D381E}
		{6D1FD833-6DBE-456F-BE8A-C6A784AD3A45} = {D762BDD4-2DCF-47F4-9277-C858D7A09224}
		{5E433C7D-A68F-43C6-8E4A-F3A8FEAAE619} = {6D1FD833-6DBE-456F-BE8A-C6A784AD3A45}
		{3984FA01-1D10-40A2-9922-464AB598CEE7} = {D762BDD4-2DCF-47F4-9277-C858D7A09224}
		{48B8BC04-7A5D-41C4-A845-B970F8F71125} = {3984FA01-1D10-40A2-9922-464AB598CEE7}
		{3E626471-750F-4132-9E4A-461A209EC777} = {3984FA01-1D10-40A2-9922-464AB598CEE7}
		{68C71C61-8F08-40B2-AAB3-88201B4F9C01} = {D762BDD4-2DCF-47F4-9277-C858D7A09224}
		{CD859881-899B-46AC-B72C-1C76E769B8B7} = {68C71C61-8F08-40B2-AAB3-88201B4F9C01}
		{F70359BF-A0C2-4CF2-8D74-46AD5CAAA6D9} = {68C71C61-8F08-40B2-AAB3-88201B4F9C01}
		{4D0DFDF7-200D-40CA-973E-F57A3B15A7E0} = {68C71C61-8F08-40B2-AAB3-88201B4F9C01}
		{2779B3EA-56CD-41CE-95BA-9BB2E6ADAA7F} = {68C71C61-8F08-40B2-AAB3-88201B4F9C01}
	EndGlobalSection
	GlobalSection(ExtensibilityGlobals) = postSolution
		SolutionGuid = {5BD79490-A2D6-476A-A4D5-DBE43B1BAFC7}
	EndGlobalSection
EndGlobal
